
Microsoft Visual Studio Solution File, Format Version 12.00
Project("{FAE04EC0-301F-11D3-BF4B-00C04F79EFBC}") = "SystemMetricsProfiler", "SystemMetricsProfiler.csproj", "{AA6887C2-763D-4C29-B6CC-10B68139BE07}"
EndProject
Global
	GlobalSection(SolutionConfigurationPlatforms) = preSolution
		Debug|Any CPU = Debug|Any CPU
		Release|Any CPU = Release|Any CPU
	EndGlobalSection
	GlobalSection(ProjectConfigurationPlatforms) = postSolution
		{AA6887C2-763D-4C29-B6CC-10B68139BE07}.Debug|Any CPU.ActiveCfg = Debug|Any CPU
		{AA6887C2-763D-4C29-B6CC-10B68139BE07}.Debug|Any CPU.Build.0 = Debug|Any CPU
		{AA6887C2-763D-4C29-B6CC-10B68139BE07}.Release|Any CPU.ActiveCfg = Release|Any CPU
		{AA6887C2-763D-4C29-B6CC-10B68139BE07}.Release|Any CPU.Build.0 = Release|Any CPU
	EndGlobalSection
EndGlobal
